.claude/skills/drift/SKILL.md -> src/main.zig sig:293b2dd6f549640e origin:github:fiberplane/drift doc:f3ebc3b76e0e42ed
.claude/skills/drift/SKILL.md -> src/vcs.zig sig:2468937f00d5305a origin:github:fiberplane/drift doc:f3ebc3b76e0e42ed
CLAUDE.md -> build.zig sig:7194b38f39dbadba doc:9d19d0097f56fe9b
CLAUDE.md -> src/main.zig sig:293b2dd6f549640e doc:9d19d0097f56fe9b
docs/CLI.md -> src/commands/link.zig sig:152208e2069486aa doc:a8befc9e6034290f
docs/CLI.md -> src/commands/lint.zig sig:a0237cda56055884 doc:a8befc9e6034290f
docs/CLI.md -> src/commands/refs.zig sig:e3309a0d11c02bb0 doc:a8befc9e6034290f
docs/CLI.md -> src/commands/status.zig sig:ab9cee37b4b22644 doc:a8befc9e6034290f
docs/CLI.md -> src/commands/unlink.zig sig:590c53a3920551d3 doc:a8befc9e6034290f
docs/DESIGN.md -> src/context.zig sig:70678dcc0872470d doc:8a5ec5123fb76d48
docs/DESIGN.md -> src/lockfile.zig sig:f659df3e59325b71 doc:8a5ec5123fb76d48
docs/DESIGN.md -> src/main.zig sig:293b2dd6f549640e doc:8a5ec5123fb76d48
docs/DESIGN.md -> src/symbols.zig sig:8e4a403c6f0130c3 doc:8a5ec5123fb76d48
docs/DESIGN.md -> src/vcs.zig sig:2468937f00d5305a doc:8a5ec5123fb76d48
docs/RELEASING.md -> .github/workflows/ci.yml sig:e8440b1d7ee3e4ba
docs/RELEASING.md -> .github/workflows/release.yml sig:f74d66b6bd7f959c
docs/RELEASING.md -> cliff.toml sig:d2a8e301fe4b788e
docs/check-json-schema.md -> docs/schemas/drift.check.v1.json sig:4e6d23b9945aebb1
docs/check-json-schema.md -> src/payload/drift_check_v1.zig sig:d446ad53565b6916
examples/relink-gate/doc.md -> examples/relink-gate/auth.ts#login sig:c8bbc20bd89e5037 doc:d8a816f1e32c7dcf
examples/symbol-anchor/doc.md -> examples/symbol-anchor/config.ts#DatabaseConfig sig:a643fafff54d00ed doc:c0e40992f7a92864
examples/symbol-anchor/doc.md -> examples/symbol-anchor/config.ts#createPool sig:3294e048b6c144ae doc:c0e40992f7a92864
