version = 1

[[bindings]]
doc = ".claude/skills/drift/SKILL.md"
target = "src/main.zig"
origin = "github:fiberplane/drift"
sig = "0e63465cf6539ff3"

[[bindings]]
doc = ".claude/skills/drift/SKILL.md"
target = "src/vcs.zig"
origin = "github:fiberplane/drift"
sig = "84da70be235ca9d4"

[[bindings]]
doc = "CLAUDE.md"
target = "build.zig"
sig = "2dccb33f6b790afa"

[[bindings]]
doc = "CLAUDE.md"
target = "src/main.zig"
sig = "0e63465cf6539ff3"

[[bindings]]
doc = "docs/CLI.md"
target = "src/commands/link.zig"
sig = "7bd7f824afc30e0b"

[[bindings]]
doc = "docs/CLI.md"
target = "src/commands/lint.zig"
sig = "fe7bd5a687f3e917"

[[bindings]]
doc = "docs/CLI.md"
target = "src/commands/refs.zig"
sig = "f623b7774086094e"

[[bindings]]
doc = "docs/CLI.md"
target = "src/commands/status.zig"
sig = "eade166d24a20b81"

[[bindings]]
doc = "docs/CLI.md"
target = "src/commands/unlink.zig"
sig = "0dbe1ee3315211b5"

[[bindings]]
doc = "docs/DESIGN.md"
target = "src/context.zig"
sig = "82d9da38ea486f36"

[[bindings]]
doc = "docs/DESIGN.md"
target = "src/lockfile.zig"
sig = "4900822676fbf9ac"

[[bindings]]
doc = "docs/DESIGN.md"
target = "src/main.zig"
sig = "0e63465cf6539ff3"

[[bindings]]
doc = "docs/DESIGN.md"
target = "src/symbols.zig"
sig = "bbe250d43609daa1"

[[bindings]]
doc = "docs/DESIGN.md"
target = "src/vcs.zig"
sig = "84da70be235ca9d4"

[[bindings]]
doc = "docs/RELEASING.md"
target = ".github/workflows/ci.yml"
sig = "c14a23e6547d575f"

[[bindings]]
doc = "docs/RELEASING.md"
target = ".github/workflows/release.yml"
sig = "19b334776bec1eda"

[[bindings]]
doc = "docs/RELEASING.md"
target = "cliff.toml"
sig = "d2a8e301fe4b788e"

[[bindings]]
doc = "docs/check-json-schema.md"
target = "docs/schemas/drift.check.v1.json"
sig = "4e6d23b9945aebb1"

[[bindings]]
doc = "docs/check-json-schema.md"
target = "src/payload/drift_check_v1.zig"
sig = "c80e398e38ece09d"
